# THIS IS AN AUTOGENERATED FILE. DO NOT EDIT THIS FILE DIRECTLY.
# yarn lockfile v1


oled-display@^1.0.25:
  version "1.0.25"
  resolved "http://r.cnpmjs.org/oled-display/download/oled-display-1.0.25.tgz#1670b8de0673b3c3daa8ee5bfe6418856f47ab79"
  integrity sha1-FnC43gZzs8PaqO5b/mQYhW9Hq3k=
  dependencies:
    python-shell "^1.0.8"
    uuid "^3.3.2"

python-shell@^1.0.8:
  version "1.0.8"
  resolved "http://r.cnpmjs.org/python-shell/download/python-shell-1.0.8.tgz#067bc93d790913efaa4b2a3c9d0e85e02adab510"
  integrity sha1-BnvJPXkJE++qSyo8nQ6F4CratRA=

uuid@^3.3.2:
  version "3.3.3"
  resolved "http://r.cnpmjs.org/uuid/download/uuid-3.3.3.tgz#4568f0216e78760ee1dbf3a4d2cf53e224112866"
  integrity sha1-RWjwIW54dg7h2/Ok0s9T4iQRKGY=
